{
  "version": 4,
  "terraform_version": "1.3.9",
  "serial": 11,
  "lineage": "72c1b0ac-5eff-6bd4-2b12-69073c31c3db",
  "outputs": {
    "cloud_compute_ip_address": {
      "value": [
        "207.148.64.109",
        "139.180.185.28"
      ],
      "type": [
        "tuple",
        [
          "string",
          "string"
        ]
      ]
    },
    "username": {
      "value": {
        "user 1": {
          "ip": "207.148.64.109",
          "password": "R7!zIiQ%#^X0kAgn",
          "username": "v0r02xex9l_0"
        },
        "user 2": {
          "ip": "139.180.185.28",
          "password": "Ry+EuAO0lXn-Uy9m",
          "username": "waws4wge4f_1"
        }
      },
      "type": [
        "object",
        {
          "user 1": [
            "object",
            {
              "ip": "string",
              "password": "string",
              "username": "string"
            }
          ],
          "user 2": [
            "object",
            {
              "ip": "string",
              "password": "string",
              "username": "string"
            }
          ]
        }
      ],
      "sensitive": true
    },
    "vm_connections": {
      "value": [
        "15",
        "14"
      ],
      "type": [
        "tuple",
        [
          "string",
          "string"
        ]
      ]
    }
  },
  "resources": [
    {
      "mode": "managed",
      "type": "guacamole_connection_rdp",
      "name": "rdp",
      "provider": "provider[\"registry.terraform.io/techbeck03/guacamole\"]",
      "instances": [
        {
          "index_key": 0,
          "schema_version": 0,
          "attributes": {
            "active_connections": 0,
            "attributes": [
              {
                "failover_only": false,
                "guacd_encryption": "",
                "guacd_hostname": "",
                "guacd_port": "",
                "max_connections": "",
                "max_connections_per_user": "",
                "weight": ""
              }
            ],
            "id": "15",
            "identifier": "15",
            "name": "Window VM - 0",
            "parameters": [
              {
                "administrator_console": false,
                "client_name": "",
                "color_depth": "",
                "console_audio": false,
                "create_drive_path": false,
                "disable_audio": false,
                "disable_authentication": false,
                "disable_bitmap_caching": false,
                "disable_copy": false,
                "disable_file_download": false,
                "disable_file_upload": false,
                "disable_glyph_caching": false,
                "disable_offscreen_caching": false,
                "disable_paste": false,
                "domain": "WORKGROUP",
                "dpi": "",
                "drive_name": "",
                "drive_path": "",
                "enable_audio_input": false,
                "enable_desktop_composition": false,
                "enable_drive": false,
                "enable_font_smoothing": false,
                "enable_full_window_drag": false,
                "enable_menu_animations": false,
                "enable_printing": false,
                "enable_theming": false,
                "enable_wallpaper": false,
                "gateway_domain": "",
                "gateway_hostname": "",
                "gateway_password": "",
                "gateway_port": "",
                "gateway_username": "",
                "height": "",
                "hostname": "207.148.64.109",
                "ignore_cert": true,
                "initial_program": "",
                "keyboard_layout": "",
                "load_balance_info": "",
                "password": "a5*L9Y_m]dTTknUz",
                "port": "3389",
                "preconnection_blob": "",
                "preconnection_id": "",
                "printer_name": "",
                "readonly": false,
                "recording_auto_create_path": false,
                "recording_exclude_mouse": false,
                "recording_exclude_output": false,
                "recording_include_keys": false,
                "recording_name": "",
                "recording_path": "",
                "remote_app": "",
                "remote_app_parameters": "",
                "remote_app_working_directory": "",
                "resize_method": "",
                "security_mode": "any",
                "sftp_disable_file_download": false,
                "sftp_disable_file_upload": false,
                "sftp_enable": false,
                "sftp_host_key": "",
                "sftp_hostname": "",
                "sftp_keepalive_interval": "",
                "sftp_passphrase": "",
                "sftp_password": "",
                "sftp_port": "",
                "sftp_private_key": "",
                "sftp_root_directory": "",
                "sftp_upload_directory": "",
                "sftp_username": "",
                "static_channels": "",
                "timezone": "",
                "username": "Administrator",
                "width": "",
                "wol_boot_wait_time": "",
                "wol_broadcast_address": "",
                "wol_mac_address": "",
                "wol_send_packet": false
              }
            ],
            "parent_identifier": "ROOT",
            "protocol": "rdp"
          },
          "sensitive_attributes": [],
          "private": "bnVsbA==",
          "dependencies": [
            "vultr_instance.cloud_compute"
          ]
        },
        {
          "index_key": 1,
          "schema_version": 0,
          "attributes": {
            "active_connections": 0,
            "attributes": [
              {
                "failover_only": false,
                "guacd_encryption": "",
                "guacd_hostname": "",
                "guacd_port": "",
                "max_connections": "",
                "max_connections_per_user": "",
                "weight": ""
              }
            ],
            "id": "14",
            "identifier": "14",
            "name": "Window VM - 1",
            "parameters": [
              {
                "administrator_console": false,
                "client_name": "",
                "color_depth": "",
                "console_audio": false,
                "create_drive_path": false,
                "disable_audio": false,
                "disable_authentication": false,
                "disable_bitmap_caching": false,
                "disable_copy": false,
                "disable_file_download": false,
                "disable_file_upload": false,
                "disable_glyph_caching": false,
                "disable_offscreen_caching": false,
                "disable_paste": false,
                "domain": "WORKGROUP",
                "dpi": "",
                "drive_name": "",
                "drive_path": "",
                "enable_audio_input": false,
                "enable_desktop_composition": false,
                "enable_drive": false,
                "enable_font_smoothing": false,
                "enable_full_window_drag": false,
                "enable_menu_animations": false,
                "enable_printing": false,
                "enable_theming": false,
                "enable_wallpaper": false,
                "gateway_domain": "",
                "gateway_hostname": "",
                "gateway_password": "",
                "gateway_port": "",
                "gateway_username": "",
                "height": "",
                "hostname": "139.180.185.28",
                "ignore_cert": true,
                "initial_program": "",
                "keyboard_layout": "",
                "load_balance_info": "",
                "password": "a5*L9Y_m]dTTknUz",
                "port": "3389",
                "preconnection_blob": "",
                "preconnection_id": "",
                "printer_name": "",
                "readonly": false,
                "recording_auto_create_path": false,
                "recording_exclude_mouse": false,
                "recording_exclude_output": false,
                "recording_include_keys": false,
                "recording_name": "",
                "recording_path": "",
                "remote_app": "",
                "remote_app_parameters": "",
                "remote_app_working_directory": "",
                "resize_method": "",
                "security_mode": "any",
                "sftp_disable_file_download": false,
                "sftp_disable_file_upload": false,
                "sftp_enable": false,
                "sftp_host_key": "",
                "sftp_hostname": "",
                "sftp_keepalive_interval": "",
                "sftp_passphrase": "",
                "sftp_password": "",
                "sftp_port": "",
                "sftp_private_key": "",
                "sftp_root_directory": "",
                "sftp_upload_directory": "",
                "sftp_username": "",
                "static_channels": "",
                "timezone": "",
                "username": "Administrator",
                "width": "",
                "wol_boot_wait_time": "",
                "wol_broadcast_address": "",
                "wol_mac_address": "",
                "wol_send_packet": false
              }
            ],
            "parent_identifier": "ROOT",
            "protocol": "rdp"
          },
          "sensitive_attributes": [],
          "private": "bnVsbA==",
          "dependencies": [
            "vultr_instance.cloud_compute"
          ]
        }
      ]
    },
    {
      "mode": "managed",
      "type": "guacamole_user",
      "name": "user",
      "provider": "provider[\"registry.terraform.io/techbeck03/guacamole\"]",
      "instances": [
        {
          "index_key": 0,
          "schema_version": 0,
          "attributes": {
            "attributes": [
              {
                "access_window_end": "",
                "access_window_start": "",
                "disabled": false,
                "email": "",
                "expired": false,
                "full_name": "",
                "organizational_role": "",
                "timezone": "",
                "valid_from": "",
                "valid_until": ""
              }
            ],
            "connection_groups": null,
            "connections": [
              "15"
            ],
            "group_membership": null,
            "id": "v0r02xex9l_0",
            "last_active": "0",
            "password": "",
            "system_permissions": null,
            "username": "v0r02xex9l_0"
          },
          "sensitive_attributes": [
            [
              {
                "type": "get_attr",
                "value": "password"
              }
            ]
          ],
          "private": "bnVsbA==",
          "dependencies": [
            "guacamole_connection_rdp.rdp",
            "random_password.password",
            "random_string.username",
            "vultr_instance.cloud_compute"
          ]
        },
        {
          "index_key": 1,
          "schema_version": 0,
          "attributes": {
            "attributes": [
              {
                "access_window_end": "",
                "access_window_start": "",
                "disabled": false,
                "email": "",
                "expired": false,
                "full_name": "",
                "organizational_role": "",
                "timezone": "",
                "valid_from": "",
                "valid_until": ""
              }
            ],
            "connection_groups": null,
            "connections": [
              "14"
            ],
            "group_membership": null,
            "id": "waws4wge4f_1",
            "last_active": "0",
            "password": "",
            "system_permissions": null,
            "username": "waws4wge4f_1"
          },
          "sensitive_attributes": [
            [
              {
                "type": "get_attr",
                "value": "password"
              }
            ]
          ],
          "private": "bnVsbA==",
          "dependencies": [
            "guacamole_connection_rdp.rdp",
            "random_password.password",
            "random_string.username",
            "vultr_instance.cloud_compute"
          ]
        }
      ]
    },
    {
      "mode": "managed",
      "type": "random_password",
      "name": "password",
      "provider": "provider[\"registry.terraform.io/hashicorp/random\"]",
      "instances": [
        {
          "index_key": 0,
          "schema_version": 3,
          "attributes": {
            "bcrypt_hash": "$2a$10$RULfiWYZPzLmzZ.ApngJyO7oRvZZP4XV4QK1FuRgBoQIfWqXt9jUe",
            "id": "none",
            "keepers": null,
            "length": 16,
            "lower": true,
            "min_lower": 0,
            "min_numeric": 0,
            "min_special": 0,
            "min_upper": 0,
            "number": true,
            "numeric": true,
            "override_special": "!@#$%^\u0026*()-_=+",
            "result": "R7!zIiQ%#^X0kAgn",
            "special": true,
            "upper": true
          },
          "sensitive_attributes": []
        },
        {
          "index_key": 1,
          "schema_version": 3,
          "attributes": {
            "bcrypt_hash": "$2a$10$3e9ckBrkVICC.kcf0XbOIOWVTgCjumlPuq9fUHhP8jKCBNTnCgCLW",
            "id": "none",
            "keepers": null,
            "length": 16,
            "lower": true,
            "min_lower": 0,
            "min_numeric": 0,
            "min_special": 0,
            "min_upper": 0,
            "number": true,
            "numeric": true,
            "override_special": "!@#$%^\u0026*()-_=+",
            "result": "Ry+EuAO0lXn-Uy9m",
            "special": true,
            "upper": true
          },
          "sensitive_attributes": []
        }
      ]
    },
    {
      "mode": "managed",
      "type": "random_string",
      "name": "username",
      "provider": "provider[\"registry.terraform.io/hashicorp/random\"]",
      "instances": [
        {
          "index_key": 0,
          "schema_version": 2,
          "attributes": {
            "id": "v0r02xex9l",
            "keepers": null,
            "length": 10,
            "lower": true,
            "min_lower": 0,
            "min_numeric": 0,
            "min_special": 0,
            "min_upper": 0,
            "number": true,
            "numeric": true,
            "override_special": null,
            "result": "v0r02xex9l",
            "special": false,
            "upper": false
          },
          "sensitive_attributes": []
        },
        {
          "index_key": 1,
          "schema_version": 2,
          "attributes": {
            "id": "waws4wge4f",
            "keepers": null,
            "length": 10,
            "lower": true,
            "min_lower": 0,
            "min_numeric": 0,
            "min_special": 0,
            "min_upper": 0,
            "number": true,
            "numeric": true,
            "override_special": null,
            "result": "waws4wge4f",
            "special": false,
            "upper": false
          },
          "sensitive_attributes": []
        }
      ]
    },
    {
      "mode": "managed",
      "type": "vultr_instance",
      "name": "cloud_compute",
      "provider": "provider[\"registry.terraform.io/vultr/vultr\"]",
      "instances": [
        {
          "index_key": 0,
          "schema_version": 0,
          "attributes": {
            "activation_email": null,
            "allowed_bandwidth": 3,
            "app_id": 0,
            "backups": "disabled",
            "backups_schedule": [],
            "date_created": "2023-03-04T14:16:21+00:00",
            "ddos_protection": false,
            "default_password": "Unknown. Password was set via snapshot restore.",
            "disk": 55,
            "enable_ipv6": true,
            "features": [
              "ipv6"
            ],
            "firewall_group_id": "",
            "gateway_v4": "207.148.64.1",
            "hostname": "vm-0",
            "id": "eaa5d9e6-3035-449a-8a9e-4fb846edfe25",
            "image_id": null,
            "internal_ip": "",
            "iso_id": null,
            "kvm": "https://my.vultr.com/subs/vps/novnc/api.php?data=djJ8anY5NUVEWmFRbHROVktYYXVNM1lEamYwVkNYcXVuckx8XtClO13Q6eqCpgpHciH7YjzTG69S-fCfL2f2US4GNSGinRSfr5Mj3ifC3ibdbmjwQrr4iBoNmNHGG5P_-DdZp3Od8AOLHPXpclee9TcffWz1R168D0-hl-V1bzJnacUtHWf73cOdJa-EwZGD21QAiVo_jSu9cn0bDhTorpAiV7hQacyXVsBqMC9Hs132c1H3lv-I4apI",
            "label": "vm-0",
            "main_ip": "207.148.64.109",
            "netmask_v4": "255.255.254.0",
            "os": "Windows 2022 Standard",
            "os_id": 501,
            "plan": "vc2-1c-2gb",
            "power_status": "running",
            "private_network_ids": [],
            "ram": 2048,
            "region": "sgp",
            "reserved_ip_id": null,
            "script_id": null,
            "server_status": "ok",
            "snapshot_id": "21d6c0cc-4d97-41eb-bd88-94a6da91e0b5",
            "ssh_key_ids": null,
            "status": "active",
            "tags": null,
            "timeouts": null,
            "user_data": null,
            "v6_main_ip": "2401:c080:1400:6b8d:5400:04ff:fe55:1024",
            "v6_network": "2401:c080:1400:6b8d::",
            "v6_network_size": 64,
            "vcpu_count": 1,
            "vpc_ids": []
          },
          "sensitive_attributes": [],
          "private": "eyJlMmJmYjczMC1lY2FhLTExZTYtOGY4OC0zNDM2M2JjN2M0YzAiOnsiY3JlYXRlIjozNjAwMDAwMDAwMDAwLCJ1cGRhdGUiOjM2MDAwMDAwMDAwMDB9fQ=="
        },
        {
          "index_key": 1,
          "schema_version": 0,
          "attributes": {
            "activation_email": null,
            "allowed_bandwidth": 3,
            "app_id": 0,
            "backups": "disabled",
            "backups_schedule": [],
            "date_created": "2023-03-04T14:16:21+00:00",
            "ddos_protection": false,
            "default_password": "Unknown. Password was set via snapshot restore.",
            "disk": 55,
            "enable_ipv6": true,
            "features": [
              "ipv6"
            ],
            "firewall_group_id": "",
            "gateway_v4": "139.180.184.1",
            "hostname": "vm-1",
            "id": "4af139b0-05a5-4951-a974-42b099d5b240",
            "image_id": null,
            "internal_ip": "",
            "iso_id": null,
            "kvm": "https://my.vultr.com/subs/vps/novnc/api.php?data=djJ8aWN3Z0Mtb2pkMzFyOHdUdzd4M09wX0ZGNGMxdHBZcFh8SBmEV8Ve0euvzt_QT-GSBciJioqSUMm8Va656dPk-0TKbjLiQrxnn9P3fLoOWTeNDD6_T7tJidKwSiIwWjLSIPgiIxU7TgqInXdLyVZ5YOhadf51SUtHLdDGfoV9ug7m_BRE8i6PgzKponsKipj4Ee08TE2ggvUq6gzjGUt8ftcSsDh0Zaxn4IXqZxLm9YnM5Y6_wN90",
            "label": "vm-1",
            "main_ip": "139.180.185.28",
            "netmask_v4": "255.255.254.0",
            "os": "Windows 2022 Standard",
            "os_id": 501,
            "plan": "vc2-1c-2gb",
            "power_status": "running",
            "private_network_ids": [],
            "ram": 2048,
            "region": "sgp",
            "reserved_ip_id": null,
            "script_id": null,
            "server_status": "ok",
            "snapshot_id": "21d6c0cc-4d97-41eb-bd88-94a6da91e0b5",
            "ssh_key_ids": null,
            "status": "active",
            "tags": null,
            "timeouts": null,
            "user_data": null,
            "v6_main_ip": "2001:19f0:4401:1100:5400:04ff:fe55:1025",
            "v6_network": "2001:19f0:4401:1100::",
            "v6_network_size": 64,
            "vcpu_count": 1,
            "vpc_ids": []
          },
          "sensitive_attributes": [],
          "private": "eyJlMmJmYjczMC1lY2FhLTExZTYtOGY4OC0zNDM2M2JjN2M0YzAiOnsiY3JlYXRlIjozNjAwMDAwMDAwMDAwLCJ1cGRhdGUiOjM2MDAwMDAwMDAwMDB9fQ=="
        }
      ]
    }
  ],
  "check_results": null
}
