{
  "version": 4,
  "terraform_version": "1.3.9",
  "serial": 25,
  "lineage": "3f71fec5-0d2d-2505-8331-f8d8eb1d66e0",
  "outputs": {
    "cloud_compute_ip_address": {
      "value": [
        "45.77.47.159",
        "45.76.144.209"
      ],
      "type": [
        "tuple",
        [
          "string",
          "string"
        ]
      ]
    },
    "vm_connections": {
      "value": [
        "10",
        "9"
      ],
      "type": [
        "tuple",
        [
          "string",
          "string"
        ]
      ]
    }
  },
  "resources": [
    {
      "mode": "managed",
      "type": "guacamole_connection_rdp",
      "name": "rdp",
      "provider": "provider[\"registry.terraform.io/techbeck03/guacamole\"]",
      "instances": [
        {
          "index_key": 0,
          "schema_version": 0,
          "attributes": {
            "active_connections": 0,
            "attributes": [
              {
                "failover_only": false,
                "guacd_encryption": "",
                "guacd_hostname": "",
                "guacd_port": "",
                "max_connections": "",
                "max_connections_per_user": "",
                "weight": ""
              }
            ],
            "id": "10",
            "identifier": "10",
            "name": "Window VM - 0",
            "parameters": [
              {
                "administrator_console": false,
                "client_name": "",
                "color_depth": "",
                "console_audio": false,
                "create_drive_path": false,
                "disable_audio": false,
                "disable_authentication": false,
                "disable_bitmap_caching": false,
                "disable_copy": false,
                "disable_file_download": false,
                "disable_file_upload": false,
                "disable_glyph_caching": false,
                "disable_offscreen_caching": false,
                "disable_paste": false,
                "domain": "WORKGROUP",
                "dpi": "",
                "drive_name": "",
                "drive_path": "",
                "enable_audio_input": false,
                "enable_desktop_composition": false,
                "enable_drive": false,
                "enable_font_smoothing": false,
                "enable_full_window_drag": false,
                "enable_menu_animations": false,
                "enable_printing": false,
                "enable_theming": false,
                "enable_wallpaper": false,
                "gateway_domain": "",
                "gateway_hostname": "",
                "gateway_password": "",
                "gateway_port": "",
                "gateway_username": "",
                "height": "",
                "hostname": "45.77.47.159",
                "ignore_cert": true,
                "initial_program": "",
                "keyboard_layout": "",
                "load_balance_info": "",
                "password": "a5*L9Y_m]dTTknUz",
                "port": "3389",
                "preconnection_blob": "",
                "preconnection_id": "",
                "printer_name": "",
                "readonly": false,
                "recording_auto_create_path": false,
                "recording_exclude_mouse": false,
                "recording_exclude_output": false,
                "recording_include_keys": false,
                "recording_name": "",
                "recording_path": "",
                "remote_app": "",
                "remote_app_parameters": "",
                "remote_app_working_directory": "",
                "resize_method": "",
                "security_mode": "any",
                "sftp_disable_file_download": false,
                "sftp_disable_file_upload": false,
                "sftp_enable": false,
                "sftp_host_key": "",
                "sftp_hostname": "",
                "sftp_keepalive_interval": "",
                "sftp_passphrase": "",
                "sftp_password": "",
                "sftp_port": "",
                "sftp_private_key": "",
                "sftp_root_directory": "",
                "sftp_upload_directory": "",
                "sftp_username": "",
                "static_channels": "",
                "timezone": "",
                "username": "Administrator",
                "width": "",
                "wol_boot_wait_time": "",
                "wol_broadcast_address": "",
                "wol_mac_address": "",
                "wol_send_packet": false
              }
            ],
            "parent_identifier": "ROOT",
            "protocol": "rdp"
          },
          "sensitive_attributes": [],
          "private": "bnVsbA==",
          "dependencies": [
            "vultr_instance.cloud_compute"
          ]
        },
        {
          "index_key": 1,
          "schema_version": 0,
          "attributes": {
            "active_connections": 0,
            "attributes": [
              {
                "failover_only": false,
                "guacd_encryption": "",
                "guacd_hostname": "",
                "guacd_port": "",
                "max_connections": "",
                "max_connections_per_user": "",
                "weight": ""
              }
            ],
            "id": "9",
            "identifier": "9",
            "name": "Window VM - 1",
            "parameters": [
              {
                "administrator_console": false,
                "client_name": "",
                "color_depth": "",
                "console_audio": false,
                "create_drive_path": false,
                "disable_audio": false,
                "disable_authentication": false,
                "disable_bitmap_caching": false,
                "disable_copy": false,
                "disable_file_download": false,
                "disable_file_upload": false,
                "disable_glyph_caching": false,
                "disable_offscreen_caching": false,
                "disable_paste": false,
                "domain": "WORKGROUP",
                "dpi": "",
                "drive_name": "",
                "drive_path": "",
                "enable_audio_input": false,
                "enable_desktop_composition": false,
                "enable_drive": false,
                "enable_font_smoothing": false,
                "enable_full_window_drag": false,
                "enable_menu_animations": false,
                "enable_printing": false,
                "enable_theming": false,
                "enable_wallpaper": false,
                "gateway_domain": "",
                "gateway_hostname": "",
                "gateway_password": "",
                "gateway_port": "",
                "gateway_username": "",
                "height": "",
                "hostname": "45.76.144.209",
                "ignore_cert": true,
                "initial_program": "",
                "keyboard_layout": "",
                "load_balance_info": "",
                "password": "a5*L9Y_m]dTTknUz",
                "port": "3389",
                "preconnection_blob": "",
                "preconnection_id": "",
                "printer_name": "",
                "readonly": false,
                "recording_auto_create_path": false,
                "recording_exclude_mouse": false,
                "recording_exclude_output": false,
                "recording_include_keys": false,
                "recording_name": "",
                "recording_path": "",
                "remote_app": "",
                "remote_app_parameters": "",
                "remote_app_working_directory": "",
                "resize_method": "",
                "security_mode": "any",
                "sftp_disable_file_download": false,
                "sftp_disable_file_upload": false,
                "sftp_enable": false,
                "sftp_host_key": "",
                "sftp_hostname": "",
                "sftp_keepalive_interval": "",
                "sftp_passphrase": "",
                "sftp_password": "",
                "sftp_port": "",
                "sftp_private_key": "",
                "sftp_root_directory": "",
                "sftp_upload_directory": "",
                "sftp_username": "",
                "static_channels": "",
                "timezone": "",
                "username": "Administrator",
                "width": "",
                "wol_boot_wait_time": "",
                "wol_broadcast_address": "",
                "wol_mac_address": "",
                "wol_send_packet": false
              }
            ],
            "parent_identifier": "ROOT",
            "protocol": "rdp"
          },
          "sensitive_attributes": [],
          "private": "bnVsbA==",
          "dependencies": [
            "vultr_instance.cloud_compute"
          ]
        }
      ]
    },
    {
      "mode": "managed",
      "type": "vultr_instance",
      "name": "cloud_compute",
      "provider": "provider[\"registry.terraform.io/vultr/vultr\"]",
      "instances": [
        {
          "index_key": 0,
          "schema_version": 0,
          "attributes": {
            "activation_email": null,
            "allowed_bandwidth": 3,
            "app_id": 0,
            "backups": "disabled",
            "backups_schedule": [],
            "date_created": "2023-02-28T14:47:58+00:00",
            "ddos_protection": false,
            "default_password": "Unknown. Password was set via snapshot restore.",
            "disk": 55,
            "enable_ipv6": true,
            "features": [
              "ipv6"
            ],
            "firewall_group_id": "",
            "gateway_v4": "45.77.46.1",
            "hostname": "vm-0",
            "id": "8643eb38-a2ae-403c-bb95-1bb8059d68fc",
            "image_id": null,
            "internal_ip": "",
            "iso_id": null,
            "kvm": "https://my.vultr.com/subs/vps/novnc/api.php?data=djJ8RmhDNWNRcW1vOGtPM2VrUXFBbHhXZ01MN3JoY1pHU3h8LlHCmp9oaJOfJPD9c3Z-6cMWqk4tjlWKSmIp5sKh-JVZ2GnVhxz6FIe28aInlp-igDn_qMQatUA3xi3vX3tBxRXm8pN4jlLT0wxEGoIaEIxr2HRSKvRzjejmPytOnq5zsDebnox110IfPowjJGNwFFHNrnZCMkMzvyKEIiJetdauKZZfBtiCkTz1xvCNNEsntrRA2uws",
            "label": "vm-0",
            "main_ip": "45.77.47.159",
            "netmask_v4": "255.255.254.0",
            "os": "Windows 2022 Standard",
            "os_id": 501,
            "plan": "vc2-1c-2gb",
            "power_status": "running",
            "private_network_ids": [],
            "ram": 2048,
            "region": "sgp",
            "reserved_ip_id": null,
            "script_id": null,
            "server_status": "ok",
            "snapshot_id": "21d6c0cc-4d97-41eb-bd88-94a6da91e0b5",
            "ssh_key_ids": null,
            "status": "active",
            "tags": null,
            "timeouts": null,
            "user_data": null,
            "v6_main_ip": "2401:c080:1400:76d8:5400:04ff:fe53:81ba",
            "v6_network": "2401:c080:1400:76d8::",
            "v6_network_size": 64,
            "vcpu_count": 1,
            "vpc_ids": []
          },
          "sensitive_attributes": [],
          "private": "eyJlMmJmYjczMC1lY2FhLTExZTYtOGY4OC0zNDM2M2JjN2M0YzAiOnsiY3JlYXRlIjozNjAwMDAwMDAwMDAwLCJ1cGRhdGUiOjM2MDAwMDAwMDAwMDB9fQ=="
        },
        {
          "index_key": 1,
          "schema_version": 0,
          "attributes": {
            "activation_email": null,
            "allowed_bandwidth": 3,
            "app_id": 0,
            "backups": "disabled",
            "backups_schedule": [],
            "date_created": "2023-02-28T14:47:58+00:00",
            "ddos_protection": false,
            "default_password": "Unknown. Password was set via snapshot restore.",
            "disk": 55,
            "enable_ipv6": true,
            "features": [
              "ipv6"
            ],
            "firewall_group_id": "",
            "gateway_v4": "45.76.144.1",
            "hostname": "vm-1",
            "id": "f45addf5-051d-41da-be1b-11722930eeaa",
            "image_id": null,
            "internal_ip": "",
            "iso_id": null,
            "kvm": "https://my.vultr.com/subs/vps/novnc/api.php?data=djJ8UnB5clE3WjNJQm1Gd3hWV1EtcmdzTkctY3d3dnFTR2l8WROUlOoLiJU6-Y09CbZ4M1QZehp7CeXG2k898c-Xt38HZE0o0x-W_f6wtlwFBHB-862uvxNceQYIOp89aLG-laBTSuOAzY8hiH2i0MM6-NyVLjQWe9xNSeiNXkoiza8tsom5MXYyonq8RLHYWhQu_P9tCxiMU0jTH79LcpfmrkXrkIU1TxpSTL2RsKKFJcLToVbJGXxG",
            "label": "vm-1",
            "main_ip": "45.76.144.209",
            "netmask_v4": "255.255.254.0",
            "os": "Windows 2022 Standard",
            "os_id": 501,
            "plan": "vc2-1c-2gb",
            "power_status": "running",
            "private_network_ids": [],
            "ram": 2048,
            "region": "sgp",
            "reserved_ip_id": null,
            "script_id": null,
            "server_status": "ok",
            "snapshot_id": "21d6c0cc-4d97-41eb-bd88-94a6da91e0b5",
            "ssh_key_ids": null,
            "status": "active",
            "tags": null,
            "timeouts": null,
            "user_data": null,
            "v6_main_ip": "2401:c080:1400:76b6:5400:04ff:fe53:81bb",
            "v6_network": "2401:c080:1400:76b6::",
            "v6_network_size": 64,
            "vcpu_count": 1,
            "vpc_ids": []
          },
          "sensitive_attributes": [],
          "private": "eyJlMmJmYjczMC1lY2FhLTExZTYtOGY4OC0zNDM2M2JjN2M0YzAiOnsiY3JlYXRlIjozNjAwMDAwMDAwMDAwLCJ1cGRhdGUiOjM2MDAwMDAwMDAwMDB9fQ=="
        }
      ]
    }
  ],
  "check_results": null
}
